
Microsoft Visual Studio Solution File, Format Version 12.00
# Visual Studio 15
VisualStudioVersion = 15.0.27428.2037
MinimumVisualStudioVersion = 10.0.40219.1
Project("{FAE04EC0-301F-11D3-BF4B-00C04F79EFBC}") = "IBeaconAR", "IBeaconAR\IBeaconAR.csproj", "{519B5CBA-24B8-4E57-A7A7-FB5DBD976BB7}"
EndProject
Global
	GlobalSection(SolutionConfigurationPlatforms) = preSolution
		Debug|Any CPU = Debug|Any CPU
		Release|Any CPU = Release|Any CPU
	EndGlobalSection
	GlobalSection(ProjectConfigurationPlatforms) = postSolution
		{519B5CBA-24B8-4E57-A7A7-FB5DBD976BB7}.Debug|Any CPU.ActiveCfg = Debug|Any CPU
		{519B5CBA-24B8-4E57-A7A7-FB5DBD976BB7}.Debug|Any CPU.Build.0 = Debug|Any CPU
		{519B5CBA-24B8-4E57-A7A7-FB5DBD976BB7}.Debug|Any CPU.Deploy.0 = Debug|Any CPU
		{519B5CBA-24B8-4E57-A7A7-FB5DBD976BB7}.Release|Any CPU.ActiveCfg = Release|Any CPU
		{519B5CBA-24B8-4E57-A7A7-FB5DBD976BB7}.Release|Any CPU.Build.0 = Release|Any CPU
		{519B5CBA-24B8-4E57-A7A7-FB5DBD976BB7}.Release|Any CPU.Deploy.0 = Release|Any CPU
	EndGlobalSection
	GlobalSection(SolutionProperties) = preSolution
		HideSolutionNode = FALSE
	EndGlobalSection
	GlobalSection(ExtensibilityGlobals) = postSolution
		SolutionGuid = {A08886DF-F7BA-4E44-B461-2CDD1EA0344E}
	EndGlobalSection
EndGlobal
