// !$*UTF8*$!
{
	archiveVersion = 1;
	classes = {
	};
	objectVersion = 50;
	objects = {

/* Begin PBXBuildFile section */
		84E319C8215CAEF900755497 /* AppDelegate.swift in Sources */ = {isa = PBXBuildFile; fileRef = 84E319C7215CAEF900755497 /* AppDelegate.swift */; };
		84E319CA215CAEF900755497 /* ViewController.swift in Sources */ = {isa = PBXBuildFile; fileRef = 84E319C9215CAEF900755497 /* ViewController.swift */; };
		84E319CD215CAEFA00755497 /* Main.storyboard in Resources */ = {isa = PBXBuildFile; fileRef = 84E319CB215CAEFA00755497 /* Main.storyboard */; };
		84E319CF215CAEFB00755497 /* Assets.xcassets in Resources */ = {isa = PBXBuildFile; fileRef = 84E319CE215CAEFB00755497 /* Assets.xcassets */; };
		84E319D2215CAEFB00755497 /* LaunchScreen.storyboard in Resources */ = {isa = PBXBuildFile; fileRef = 84E319D0215CAEFB00755497 /* LaunchScreen.storyboard */; };
		84E319DD215CAEFB00755497 /* TestingTests.swift in Sources */ = {isa = PBXBuildFile; fileRef = 84E319DC215CAEFB00755497 /* TestingTests.swift */; };
		84E319E8215CAEFB00755497 /* TestingUITests.swift in Sources */ = {isa = PBXBuildFile; fileRef = 84E319E7215CAEFB00755497 /* TestingUITests.swift */; };
/* End PBXBuildFile section */

/* Begin PBXContainerItemProxy section */
		84E319D9215CAEFB00755497 /* PBXContainerItemProxy */ = {
			isa = PBXContainerItemProxy;
			containerPortal = 84E319BC215CAEF900755497 /* Project object */;
			proxyType = 1;
			remoteGlobalIDString = 84E319C3215CAEF900755497;
			remoteInfo = Testing;
		};
		84E319E4215CAEFB00755497 /* PBXContainerItemProxy */ = {
			isa = PBXContainerItemProxy;
			containerPortal = 84E319BC215CAEF900755497 /* Project object */;
			proxyType = 1;
			remoteGlobalIDString = 84E319C3215CAEF900755497;
			remoteInfo = Testing;
		};
/* End PBXContainerItemProxy section */

/* Begin PBXFileReference section */
		84E319C4215CAEF900755497 /* Testing.app */ = {isa = PBXFileReference; explicitFileType = wrapper.application; includeInIndex = 0; path = Testing.app; sourceTree = BUILT_PRODUCTS_DIR; };
		84E319C7215CAEF900755497 /* AppDelegate.swift */ = {isa = PBXFileReference; lastKnownFileType = sourcecode.swift; path = AppDelegate.swift; sourceTree = "<group>"; };
		84E319C9215CAEF900755497 /* ViewController.swift */ = {isa = PBXFileReference; lastKnownFileType = sourcecode.swift; path = ViewController.swift; sourceTree = "<group>"; };
		84E319CC215CAEFA00755497 /* Base */ = {isa = PBXFileReference; lastKnownFileType = file.storyboard; name = Base; path = Base.lproj/Main.storyboard; sourceTree = "<group>"; };
		84E319CE215CAEFB00755497 /* Assets.xcassets */ = {isa = PBXFileReference; lastKnownFileType = folder.assetcatalog; path = Assets.xcassets; sourceTree = "<group>"; };
		84E319D1215CAEFB00755497 /* Base */ = {isa = PBXFileReference; lastKnownFileType = file.storyboard; name = Base; path = Base.lproj/LaunchScreen.storyboard; sourceTree = "<group>"; };
		84E319D3215CAEFB00755497 /* Info.plist */ = {isa = PBXFileReference; lastKnownFileType = text.plist.xml; path = Info.plist; sourceTree = "<group>"; };
		84E319D8215CAEFB00755497 /* TestingTests.xctest */ = {isa = PBXFileReference; explicitFileType = wrapper.cfbundle; includeInIndex = 0; path = TestingTests.xctest; sourceTree = BUILT_PRODUCTS_DIR; };
		84E319DC215CAEFB00755497 /* TestingTests.swift */ = {isa = PBXFileReference; lastKnownFileType = sourcecode.swift; path = TestingTests.swift; sourceTree = "<group>"; };
		84E319DE215CAEFB00755497 /* Info.plist */ = {isa = PBXFileReference; lastKnownFileType = text.plist.xml; path = Info.plist; sourceTree = "<group>"; };
		84E319E3215CAEFB00755497 /* TestingUITests.xctest */ = {isa = PBXFileReference; explicitFileType = wrapper.cfbundle; includeInIndex = 0; path = TestingUITests.xctest; sourceTree = BUILT_PRODUCTS_DIR; };
		84E319E7215CAEFB00755497 /* TestingUITests.swift */ = {isa = PBXFileReference; lastKnownFileType = sourcecode.swift; path = TestingUITests.swift; sourceTree = "<group>"; };
		84E319E9215CAEFB00755497 /* Info.plist */ = {isa = PBXFileReference; lastKnownFileType = text.plist.xml; path = Info.plist; sourceTree = "<group>"; };
/* End PBXFileReference section */

/* Begin PBXFrameworksBuildPhase section */
		84E319C1215CAEF900755497 /* Frameworks */ = {
			isa = PBXFrameworksBuildPhase;
			buildActionMask = 2147483647;
			files = (
			);
			runOnlyForDeploymentPostprocessing = 0;
		};
		84E319D5215CAEFB00755497 /* Frameworks */ = {
			isa = PBXFrameworksBuildPhase;
			buildActionMask = 2147483647;
			files = (
			);
			runOnlyForDeploymentPostprocessing = 0;
		};
		84E319E0215CAEFB00755497 /* Frameworks */ = {
			isa = PBXFrameworksBuildPhase;
			buildActionMask = 2147483647;
			files = (
			);
			runOnlyForDeploymentPostprocessing = 0;
		};
/* End PBXFrameworksBuildPhase section */

/* Begin PBXGroup section */
		84E319BB215CAEF900755497 = {
			isa = PBXGroup;
			children = (
				84E319C6215CAEF900755497 /* Testing */,
				84E319DB215CAEFB00755497 /* TestingTests */,
				84E319E6215CAEFB00755497 /* TestingUITests */,
				84E319C5215CAEF900755497 /* Products */,
			);
			sourceTree = "<group>";
		};
		84E319C5215CAEF900755497 /* Products */ = {
			isa = PBXGroup;
			children = (
				84E319C4215CAEF900755497 /* Testing.app */,
				84E319D8215CAEFB00755497 /* TestingTests.xctest */,
				84E319E3215CAEFB00755497 /* TestingUITests.xctest */,
			);
			name = Products;
			sourceTree = "<group>";
		};
		84E319C6215CAEF900755497 /* Testing */ = {
			isa = PBXGroup;
			children = (
				84E319C7215CAEF900755497 /* AppDelegate.swift */,
				84E319C9215CAEF900755497 /* ViewController.swift */,
				84E319CB215CAEFA00755497 /* Main.storyboard */,
				84E319CE215CAEFB00755497 /* Assets.xcassets */,
				84E319D0215CAEFB00755497 /* LaunchScreen.storyboard */,
				84E319D3215CAEFB00755497 /* Info.plist */,
			);
			path = Testing;
			sourceTree = "<group>";
		};
		84E319DB215CAEFB00755497 /* TestingTests */ = {
			isa = PBXGroup;
			children = (
				84E319DC215CAEFB00755497 /* TestingTests.swift */,
				84E319DE215CAEFB00755497 /* Info.plist */,
			);
			path = TestingTests;
			sourceTree = "<group>";
		};
		84E319E6215CAEFB00755497 /* TestingUITests */ = {
			isa = PBXGroup;
			children = (
				84E319E7215CAEFB00755497 /* TestingUITests.swift */,
				84E319E9215CAEFB00755497 /* Info.plist */,
			);
			path = TestingUITests;
			sourceTree = "<group>";
		};
/* End PBXGroup section */

/* Begin PBXNativeTarget section */
		84E319C3215CAEF900755497 /* Testing */ = {
			isa = PBXNativeTarget;
			buildConfigurationList = 84E319EC215CAEFB00755497 /* Build configuration list for PBXNativeTarget "Testing" */;
			buildPhases = (
				84E319C0215CAEF900755497 /* Sources */,
				84E319C1215CAEF900755497 /* Frameworks */,
				84E319C2215CAEF900755497 /* Resources */,
			);
			buildRules = (
			);
			dependencies = (
			);
			name = Testing;
			productName = Testing;
			productReference = 84E319C4215CAEF900755497 /* Testing.app */;
			productType = "com.apple.product-type.application";
		};
		84E319D7215CAEFB00755497 /* TestingTests */ = {
			isa = PBXNativeTarget;
			buildConfigurationList = 84E319EF215CAEFB00755497 /* Build configuration list for PBXNativeTarget "TestingTests" */;
			buildPhases = (
				84E319D4215CAEFB00755497 /* Sources */,
				84E319D5215CAEFB00755497 /* Frameworks */,
				84E319D6215CAEFB00755497 /* Resources */,
			);
			buildRules = (
			);
			dependencies = (
				84E319DA215CAEFB00755497 /* PBXTargetDependency */,
			);
			name = TestingTests;
			productName = TestingTests;
			productReference = 84E319D8215CAEFB00755497 /* TestingTests.xctest */;
			productType = "com.apple.product-type.bundle.unit-test";
		};
		84E319E2215CAEFB00755497 /* TestingUITests */ = {
			isa = PBXNativeTarget;
			buildConfigurationList = 84E319F2215CAEFB00755497 /* Build configuration list for PBXNativeTarget "TestingUITests" */;
			buildPhases = (
				84E319DF215CAEFB00755497 /* Sources */,
				84E319E0215CAEFB00755497 /* Frameworks */,
				84E319E1215CAEFB00755497 /* Resources */,
			);
			buildRules = (
			);
			dependencies = (
				84E319E5215CAEFB00755497 /* PBXTargetDependency */,
			);
			name = TestingUITests;
			productName = TestingUITests;
			productReference = 84E319E3215CAEFB00755497 /* TestingUITests.xctest */;
			productType = "com.apple.product-type.bundle.ui-testing";
		};
/* End PBXNativeTarget section */

/* Begin PBXProject section */
		84E319BC215CAEF900755497 /* Project object */ = {
			isa = PBXProject;
			attributes = {
				LastSwiftUpdateCheck = 0930;
				LastUpgradeCheck = 0930;
				ORGANIZATIONNAME = admin;
				TargetAttributes = {
					84E319C3215CAEF900755497 = {
						CreatedOnToolsVersion = 9.3;
					};
					84E319D7215CAEFB00755497 = {
						CreatedOnToolsVersion = 9.3;
						TestTargetID = 84E319C3215CAEF900755497;
					};
					84E319E2215CAEFB00755497 = {
						CreatedOnToolsVersion = 9.3;
						TestTargetID = 84E319C3215CAEF900755497;
					};
				};
			};
			buildConfigurationList = 84E319BF215CAEF900755497 /* Build configuration list for PBXProject "Testing" */;
			compatibilityVersion = "Xcode 9.3";
			developmentRegion = en;
			hasScannedForEncodings = 0;
			knownRegions = (
				en,
				Base,
			);
			mainGroup = 84E319BB215CAEF900755497;
			productRefGroup = 84E319C5215CAEF900755497 /* Products */;
			projectDirPath = "";
			projectRoot = "";
			targets = (
				84E319C3215CAEF900755497 /* Testing */,
				84E319D7215CAEFB00755497 /* TestingTests */,
				84E319E2215CAEFB00755497 /* TestingUITests */,
			);
		};
/* End PBXProject section */

/* Begin PBXResourcesBuildPhase section */
		84E319C2215CAEF900755497 /* Resources */ = {
			isa = PBXResourcesBuildPhase;
			buildActionMask = 2147483647;
			files = (
				84E319D2215CAEFB00755497 /* LaunchScreen.storyboard in Resources */,
				84E319CF215CAEFB00755497 /* Assets.xcassets in Resources */,
				84E319CD215CAEFA00755497 /* Main.storyboard in Resources */,
			);
			runOnlyForDeploymentPostprocessing = 0;
		};
		84E319D6215CAEFB00755497 /* Resources */ = {
			isa = PBXResourcesBuildPhase;
			buildActionMask = 2147483647;
			files = (
			);
			runOnlyForDeploymentPostprocessing = 0;
		};
		84E319E1215CAEFB00755497 /* Resources */ = {
			isa = PBXResourcesBuildPhase;
			buildActionMask = 2147483647;
			files = (
			);
			runOnlyForDeploymentPostprocessing = 0;
		};
/* End PBXResourcesBuildPhase section */

/* Begin PBXSourcesBuildPhase section */
		84E319C0215CAEF900755497 /* Sources */ = {
			isa = PBXSourcesBuildPhase;
			buildActionMask = 2147483647;
			files = (
				84E319CA215CAEF900755497 /* ViewController.swift in Sources */,
				84E319C8215CAEF900755497 /* AppDelegate.swift in Sources */,
			);
			runOnlyForDeploymentPostprocessing = 0;
		};
		84E319D4215CAEFB00755497 /* Sources */ = {
			isa = PBXSourcesBuildPhase;
			buildActionMask = 2147483647;
			files = (
				84E319DD215CAEFB00755497 /* TestingTests.swift in Sources */,
			);
			runOnlyForDeploymentPostprocessing = 0;
		};
		84E319DF215CAEFB00755497 /* Sources */ = {
			isa = PBXSourcesBuildPhase;
			buildActionMask = 2147483647;
			files = (
				84E319E8215CAEFB00755497 /* TestingUITests.swift in Sources */,
			);
			runOnlyForDeploymentPostprocessing = 0;
		};
/* End PBXSourcesBuildPhase section */

/* Begin PBXTargetDependency section */
		84E319DA215CAEFB00755497 /* PBXTargetDependency */ = {
			isa = PBXTargetDependency;
			target = 84E319C3215CAEF900755497 /* Testing */;
			targetProxy = 84E319D9215CAEFB00755497 /* PBXContainerItemProxy */;
		};
		84E319E5215CAEFB00755497 /* PBXTargetDependency */ = {
			isa = PBXTargetDependency;
			target = 84E319C3215CAEF900755497 /* Testing */;
			targetProxy = 84E319E4215CAEFB00755497 /* PBXContainerItemProxy */;
		};
/* End PBXTargetDependency section */

/* Begin PBXVariantGroup section */
		84E319CB215CAEFA00755497 /* Main.storyboard */ = {
			isa = PBXVariantGroup;
			children = (
				84E319CC215CAEFA00755497 /* Base */,
			);
			name = Main.storyboard;
			sourceTree = "<group>";
		};
		84E319D0215CAEFB00755497 /* LaunchScreen.storyboard */ = {
			isa = PBXVariantGroup;
			children = (
				84E319D1215CAEFB00755497 /* Base */,
			);
			name = LaunchScreen.storyboard;
			sourceTree = "<group>";
		};
/* End PBXVariantGroup section */

/* Begin XCBuildConfiguration section */
		84E319EA215CAEFB00755497 /* Debug */ = {
			isa = XCBuildConfiguration;
			buildSettings = {
				ALWAYS_SEARCH_USER_PATHS = NO;
				CLANG_ANALYZER_NONNULL = YES;
				CLANG_ANALYZER_NUMBER_OBJECT_CONVERSION = YES_AGGRESSIVE;
				CLANG_CXX_LANGUAGE_STANDARD = "gnu++14";
				CLANG_CXX_LIBRARY = "libc++";
				CLANG_ENABLE_MODULES = YES;
				CLANG_ENABLE_OBJC_ARC = YES;
				CLANG_ENABLE_OBJC_WEAK = YES;
				CLANG_WARN_BLOCK_CAPTURE_AUTORELEASING = YES;
				CLANG_WARN_BOOL_CONVERSION = YES;
				CLANG_WARN_COMMA = YES;
				CLANG_WARN_CONSTANT_CONVERSION = YES;
				CLANG_WARN_DEPRECATED_OBJC_IMPLEMENTATIONS = YES;
				CLANG_WARN_DIRECT_OBJC_ISA_USAGE = YES_ERROR;
				CLANG_WARN_DOCUMENTATION_COMMENTS = YES;
				CLANG_WARN_EMPTY_BODY = YES;
				CLANG_WARN_ENUM_CONVERSION = YES;
				CLANG_WARN_INFINITE_RECURSION = YES;
				CLANG_WARN_INT_CONVERSION = YES;
				CLANG_WARN_NON_LITERAL_NULL_CONVERSION = YES;
				CLANG_WARN_OBJC_IMPLICIT_RETAIN_SELF = YES;
				CLANG_WARN_OBJC_LITERAL_CONVERSION = YES;
				CLANG_WARN_OBJC_ROOT_CLASS = YES_ERROR;
				CLANG_WARN_RANGE_LOOP_ANALYSIS = YES;
				CLANG_WARN_STRICT_PROTOTYPES = YES;
				CLANG_WARN_SUSPICIOUS_MOVE = YES;
				CLANG_WARN_UNGUARDED_AVAILABILITY = YES_AGGRESSIVE;
				CLANG_WARN_UNREACHABLE_CODE = YES;
				CLANG_WARN__DUPLICATE_METHOD_MATCH = YES;
				CODE_SIGN_IDENTITY = "iPhone Developer";
				COPY_PHASE_STRIP = NO;
				DEBUG_INFORMATION_FORMAT = dwarf;
				ENABLE_STRICT_OBJC_MSGSEND = YES;
				ENABLE_TESTABILITY = YES;
				GCC_C_LANGUAGE_STANDARD = gnu11;
				GCC_DYNAMIC_NO_PIC = NO;
				GCC_NO_COMMON_BLOCKS = YES;
				GCC_OPTIMIZATION_LEVEL = 0;
				GCC_PREPROCESSOR_DEFINITIONS = (
					"DEBUG=1",
					"$(inherited)",
				);
				GCC_WARN_64_TO_32_BIT_CONVERSION = YES;
				GCC_WARN_ABOUT_RETURN_TYPE = YES_ERROR;
				GCC_WARN_UNDECLARED_SELECTOR = YES;
				GCC_WARN_UNINITIALIZED_AUTOS = YES_AGGRESSIVE;
				GCC_WARN_UNUSED_FUNCTION = YES;
				GCC_WARN_UNUSED_VARIABLE = YES;
				IPHONEOS_DEPLOYMENT_TARGET = 11.3;
				MTL_ENABLE_DEBUG_INFO = YES;
				ONLY_ACTIVE_ARCH = YES;
				SDKROOT = iphoneos;
				SWIFT_ACTIVE_COMPILATION_CONDITIONS = DEBUG;
				SWIFT_OPTIMIZATION_LEVEL = "-Onone";
			};
			name = Debug;
		};
		84E319EB215CAEFB00755497 /* Release */ = {
			isa = XCBuildConfiguration;
			buildSettings = {
				ALWAYS_SEARCH_USER_PATHS = NO;
				CLANG_ANALYZER_NONNULL = YES;
				CLANG_ANALYZER_NUMBER_OBJECT_CONVERSION = YES_AGGRESSIVE;
				CLANG_CXX_LANGUAGE_STANDARD = "gnu++14";
				CLANG_CXX_LIBRARY = "libc++";
				CLANG_ENABLE_MODULES = YES;
				CLANG_ENABLE_OBJC_ARC = YES;
				CLANG_ENABLE_OBJC_WEAK = YES;
				CLANG_WARN_BLOCK_CAPTURE_AUTORELEASING = YES;
				CLANG_WARN_BOOL_CONVERSION = YES;
				CLANG_WARN_COMMA = YES;
				CLANG_WARN_CONSTANT_CONVERSION = YES;
				CLANG_WARN_DEPRECATED_OBJC_IMPLEMENTATIONS = YES;
				CLANG_WARN_DIRECT_OBJC_ISA_USAGE = YES_ERROR;
				CLANG_WARN_DOCUMENTATION_COMMENTS = YES;
				CLANG_WARN_EMPTY_BODY = YES;
				CLANG_WARN_ENUM_CONVERSION = YES;
				CLANG_WARN_INFINITE_RECURSION = YES;
				CLANG_WARN_INT_CONVERSION = YES;
				CLANG_WARN_NON_LITERAL_NULL_CONVERSION = YES;
				CLANG_WARN_OBJC_IMPLICIT_RETAIN_SELF = YES;
				CLANG_WARN_OBJC_LITERAL_CONVERSION = YES;
				CLANG_WARN_OBJC_ROOT_CLASS = YES_ERROR;
				CLANG_WARN_RANGE_LOOP_ANALYSIS = YES;
				CLANG_WARN_STRICT_PROTOTYPES = YES;
				CLANG_WARN_SUSPICIOUS_MOVE = YES;
				CLANG_WARN_UNGUARDED_AVAILABILITY = YES_AGGRESSIVE;
				CLANG_WARN_UNREACHABLE_CODE = YES;
				CLANG_WARN__DUPLICATE_METHOD_MATCH = YES;
				CODE_SIGN_IDENTITY = "iPhone Developer";
				COPY_PHASE_STRIP = NO;
				DEBUG_INFORMATION_FORMAT = "dwarf-with-dsym";
				ENABLE_NS_ASSERTIONS = NO;
				ENABLE_STRICT_OBJC_MSGSEND = YES;
				GCC_C_LANGUAGE_STANDARD = gnu11;
				GCC_NO_COMMON_BLOCKS = YES;
				GCC_WARN_64_TO_32_BIT_CONVERSION = YES;
				GCC_WARN_ABOUT_RETURN_TYPE = YES_ERROR;
				GCC_WARN_UNDECLARED_SELECTOR = YES;
				GCC_WARN_UNINITIALIZED_AUTOS = YES_AGGRESSIVE;
				GCC_WARN_UNUSED_FUNCTION = YES;
				GCC_WARN_UNUSED_VARIABLE = YES;
				IPHONEOS_DEPLOYMENT_TARGET = 11.3;
				MTL_ENABLE_DEBUG_INFO = NO;
				SDKROOT = iphoneos;
				SWIFT_COMPILATION_MODE = wholemodule;
				SWIFT_OPTIMIZATION_LEVEL = "-O";
				VALIDATE_PRODUCT = YES;
			};
			name = Release;
		};
		84E319ED215CAEFB00755497 /* Debug */ = {
			isa = XCBuildConfiguration;
			buildSettings = {
				ASSETCATALOG_COMPILER_APPICON_NAME = AppIcon;
				CODE_SIGN_STYLE = Automatic;
				DEVELOPMENT_TEAM = 32P36LDKH4;
				INFOPLIST_FILE = Testing/Info.plist;
				LD_RUNPATH_SEARCH_PATHS = (
					"$(inherited)",
					"@executable_path/Frameworks",
				);
				PRODUCT_BUNDLE_IDENTIFIER = com.xamarin.Testing;
				PRODUCT_NAME = "$(TARGET_NAME)";
				SWIFT_VERSION = 4.0;
				TARGETED_DEVICE_FAMILY = "1,2";
			};
			name = Debug;
		};
		84E319EE215CAEFB00755497 /* Release */ = {
			isa = XCBuildConfiguration;
			buildSettings = {
				ASSETCATALOG_COMPILER_APPICON_NAME = AppIcon;
				CODE_SIGN_STYLE = Automatic;
				DEVELOPMENT_TEAM = 32P36LDKH4;
				INFOPLIST_FILE = Testing/Info.plist;
				LD_RUNPATH_SEARCH_PATHS = (
					"$(inherited)",
					"@executable_path/Frameworks",
				);
				PRODUCT_BUNDLE_IDENTIFIER = com.xamarin.Testing;
				PRODUCT_NAME = "$(TARGET_NAME)";
				SWIFT_VERSION = 4.0;
				TARGETED_DEVICE_FAMILY = "1,2";
			};
			name = Release;
		};
		84E319F0215CAEFB00755497 /* Debug */ = {
			isa = XCBuildConfiguration;
			buildSettings = {
				ALWAYS_EMBED_SWIFT_STANDARD_LIBRARIES = YES;
				BUNDLE_LOADER = "$(TEST_HOST)";
				CODE_SIGN_STYLE = Automatic;
				DEVELOPMENT_TEAM = N9T5YD2TP3;
				INFOPLIST_FILE = TestingTests/Info.plist;
				LD_RUNPATH_SEARCH_PATHS = (
					"$(inherited)",
					"@executable_path/Frameworks",
					"@loader_path/Frameworks",
				);
				PRODUCT_BUNDLE_IDENTIFIER = com.xamarin.TestingTests;
				PRODUCT_NAME = "$(TARGET_NAME)";
				SWIFT_VERSION = 4.0;
				TARGETED_DEVICE_FAMILY = "1,2";
				TEST_HOST = "$(BUILT_PRODUCTS_DIR)/Testing.app/Testing";
			};
			name = Debug;
		};
		84E319F1215CAEFB00755497 /* Release */ = {
			isa = XCBuildConfiguration;
			buildSettings = {
				ALWAYS_EMBED_SWIFT_STANDARD_LIBRARIES = YES;
				BUNDLE_LOADER = "$(TEST_HOST)";
				CODE_SIGN_STYLE = Automatic;
				DEVELOPMENT_TEAM = N9T5YD2TP3;
				INFOPLIST_FILE = TestingTests/Info.plist;
				LD_RUNPATH_SEARCH_PATHS = (
					"$(inherited)",
					"@executable_path/Frameworks",
					"@loader_path/Frameworks",
				);
				PRODUCT_BUNDLE_IDENTIFIER = com.xamarin.TestingTests;
				PRODUCT_NAME = "$(TARGET_NAME)";
				SWIFT_VERSION = 4.0;
				TARGETED_DEVICE_FAMILY = "1,2";
				TEST_HOST = "$(BUILT_PRODUCTS_DIR)/Testing.app/Testing";
			};
			name = Release;
		};
		84E319F3215CAEFB00755497 /* Debug */ = {
			isa = XCBuildConfiguration;
			buildSettings = {
				ALWAYS_EMBED_SWIFT_STANDARD_LIBRARIES = YES;
				CODE_SIGN_STYLE = Automatic;
				DEVELOPMENT_TEAM = N9T5YD2TP3;
				INFOPLIST_FILE = TestingUITests/Info.plist;
				LD_RUNPATH_SEARCH_PATHS = (
					"$(inherited)",
					"@executable_path/Frameworks",
					"@loader_path/Frameworks",
				);
				PRODUCT_BUNDLE_IDENTIFIER = com.xamarin.TestingUITests;
				PRODUCT_NAME = "$(TARGET_NAME)";
				SWIFT_VERSION = 4.0;
				TARGETED_DEVICE_FAMILY = "1,2";
				TEST_TARGET_NAME = Testing;
			};
			name = Debug;
		};
		84E319F4215CAEFB00755497 /* Release */ = {
			isa = XCBuildConfiguration;
			buildSettings = {
				ALWAYS_EMBED_SWIFT_STANDARD_LIBRARIES = YES;
				CODE_SIGN_STYLE = Automatic;
				DEVELOPMENT_TEAM = N9T5YD2TP3;
				INFOPLIST_FILE = TestingUITests/Info.plist;
				LD_RUNPATH_SEARCH_PATHS = (
					"$(inherited)",
					"@executable_path/Frameworks",
					"@loader_path/Frameworks",
				);
				PRODUCT_BUNDLE_IDENTIFIER = com.xamarin.TestingUITests;
				PRODUCT_NAME = "$(TARGET_NAME)";
				SWIFT_VERSION = 4.0;
				TARGETED_DEVICE_FAMILY = "1,2";
				TEST_TARGET_NAME = Testing;
			};
			name = Release;
		};
/* End XCBuildConfiguration section */

/* Begin XCConfigurationList section */
		84E319BF215CAEF900755497 /* Build configuration list for PBXProject "Testing" */ = {
			isa = XCConfigurationList;
			buildConfigurations = (
				84E319EA215CAEFB00755497 /* Debug */,
				84E319EB215CAEFB00755497 /* Release */,
			);
			defaultConfigurationIsVisible = 0;
			defaultConfigurationName = Release;
		};
		84E319EC215CAEFB00755497 /* Build configuration list for PBXNativeTarget "Testing" */ = {
			isa = XCConfigurationList;
			buildConfigurations = (
				84E319ED215CAEFB00755497 /* Debug */,
				84E319EE215CAEFB00755497 /* Release */,
			);
			defaultConfigurationIsVisible = 0;
			defaultConfigurationName = Release;
		};
		84E319EF215CAEFB00755497 /* Build configuration list for PBXNativeTarget "TestingTests" */ = {
			isa = XCConfigurationList;
			buildConfigurations = (
				84E319F0215CAEFB00755497 /* Debug */,
				84E319F1215CAEFB00755497 /* Release */,
			);
			defaultConfigurationIsVisible = 0;
			defaultConfigurationName = Release;
		};
		84E319F2215CAEFB00755497 /* Build configuration list for PBXNativeTarget "TestingUITests" */ = {
			isa = XCConfigurationList;
			buildConfigurations = (
				84E319F3215CAEFB00755497 /* Debug */,
				84E319F4215CAEFB00755497 /* Release */,
			);
			defaultConfigurationIsVisible = 0;
			defaultConfigurationName = Release;
		};
/* End XCConfigurationList section */
	};
	rootObject = 84E319BC215CAEF900755497 /* Project object */;
}
