
Microsoft Visual Studio Solution File, Format Version 12.00
# Visual Studio 15
VisualStudioVersion = 15.0.27428.2027
MinimumVisualStudioVersion = 10.0.40219.1
Project("{FAE04EC0-301F-11D3-BF4B-00C04F79EFBC}") = "BeaconTestiOS", "BeaconTestiOS\BeaconTestiOS.csproj", "{2F597AAA-A14C-45FF-826E-10E5BEF80351}"
EndProject
Project("{D954291E-2A0B-460D-934E-DC6B0785DB48}") = "BeaconTestSharedProject", "BeaconTestSharedProject\BeaconTestSharedProject.shproj", "{9BA53449-880F-4FB2-879D-99DD96F9730A}"
EndProject
Project("{FAE04EC0-301F-11D3-BF4B-00C04F79EFBC}") = "BeaconTestAndroid", "BeaconTestAndroid\BeaconTestAndroid.csproj", "{62B808ED-03E2-473F-992A-BA4A8F34DEBF}"
EndProject
Global
	GlobalSection(SharedMSBuildProjectFiles) = preSolution
		BeaconTestSharedProject\BeaconTestSharedProject.projitems*{9ba53449-880f-4fb2-879d-99dd96f9730a}*SharedItemsImports = 13
	EndGlobalSection
	GlobalSection(SolutionConfigurationPlatforms) = preSolution
		Ad-Hoc|Any CPU = Ad-Hoc|Any CPU
		Ad-Hoc|iPhone = Ad-Hoc|iPhone
		Ad-Hoc|iPhoneSimulator = Ad-Hoc|iPhoneSimulator
		AppStore|Any CPU = AppStore|Any CPU
		AppStore|iPhone = AppStore|iPhone
		AppStore|iPhoneSimulator = AppStore|iPhoneSimulator
		Debug|Any CPU = Debug|Any CPU
		Debug|iPhone = Debug|iPhone
		Debug|iPhoneSimulator = Debug|iPhoneSimulator
		Release|Any CPU = Release|Any CPU
		Release|iPhone = Release|iPhone
		Release|iPhoneSimulator = Release|iPhoneSimulator
	EndGlobalSection
	GlobalSection(ProjectConfigurationPlatforms) = postSolution
		{2F597AAA-A14C-45FF-826E-10E5BEF80351}.Ad-Hoc|Any CPU.ActiveCfg = Release|iPhone
		{2F597AAA-A14C-45FF-826E-10E5BEF80351}.Ad-Hoc|Any CPU.Build.0 = Release|iPhone
		{2F597AAA-A14C-45FF-826E-10E5BEF80351}.Ad-Hoc|iPhone.ActiveCfg = Release|iPhone
		{2F597AAA-A14C-45FF-826E-10E5BEF80351}.Ad-Hoc|iPhone.Build.0 = Release|iPhone
		{2F597AAA-A14C-45FF-826E-10E5BEF80351}.Ad-Hoc|iPhoneSimulator.ActiveCfg = Release|iPhoneSimulator
		{2F597AAA-A14C-45FF-826E-10E5BEF80351}.Ad-Hoc|iPhoneSimulator.Build.0 = Release|iPhoneSimulator
		{2F597AAA-A14C-45FF-826E-10E5BEF80351}.AppStore|Any CPU.ActiveCfg = Release|iPhone
		{2F597AAA-A14C-45FF-826E-10E5BEF80351}.AppStore|Any CPU.Build.0 = Release|iPhone
		{2F597AAA-A14C-45FF-826E-10E5BEF80351}.AppStore|iPhone.ActiveCfg = Release|iPhone
		{2F597AAA-A14C-45FF-826E-10E5BEF80351}.AppStore|iPhone.Build.0 = Release|iPhone
		{2F597AAA-A14C-45FF-826E-10E5BEF80351}.AppStore|iPhoneSimulator.ActiveCfg = Release|iPhoneSimulator
		{2F597AAA-A14C-45FF-826E-10E5BEF80351}.AppStore|iPhoneSimulator.Build.0 = Release|iPhoneSimulator
		{2F597AAA-A14C-45FF-826E-10E5BEF80351}.Debug|Any CPU.ActiveCfg = Debug|iPhone
		{2F597AAA-A14C-45FF-826E-10E5BEF80351}.Debug|iPhone.ActiveCfg = Debug|iPhone
		{2F597AAA-A14C-45FF-826E-10E5BEF80351}.Debug|iPhone.Build.0 = Debug|iPhone
		{2F597AAA-A14C-45FF-826E-10E5BEF80351}.Debug|iPhoneSimulator.ActiveCfg = Debug|iPhoneSimulator
		{2F597AAA-A14C-45FF-826E-10E5BEF80351}.Debug|iPhoneSimulator.Build.0 = Debug|iPhoneSimulator
		{2F597AAA-A14C-45FF-826E-10E5BEF80351}.Release|Any CPU.ActiveCfg = Release|iPhone
		{2F597AAA-A14C-45FF-826E-10E5BEF80351}.Release|iPhone.ActiveCfg = Release|iPhone
		{2F597AAA-A14C-45FF-826E-10E5BEF80351}.Release|iPhone.Build.0 = Release|iPhone
		{2F597AAA-A14C-45FF-826E-10E5BEF80351}.Release|iPhoneSimulator.ActiveCfg = Release|iPhoneSimulator
		{2F597AAA-A14C-45FF-826E-10E5BEF80351}.Release|iPhoneSimulator.Build.0 = Release|iPhoneSimulator
		{62B808ED-03E2-473F-992A-BA4A8F34DEBF}.Ad-Hoc|Any CPU.ActiveCfg = Release|Any CPU
		{62B808ED-03E2-473F-992A-BA4A8F34DEBF}.Ad-Hoc|Any CPU.Build.0 = Release|Any CPU
		{62B808ED-03E2-473F-992A-BA4A8F34DEBF}.Ad-Hoc|Any CPU.Deploy.0 = Release|Any CPU
		{62B808ED-03E2-473F-992A-BA4A8F34DEBF}.Ad-Hoc|iPhone.ActiveCfg = Release|Any CPU
		{62B808ED-03E2-473F-992A-BA4A8F34DEBF}.Ad-Hoc|iPhone.Build.0 = Release|Any CPU
		{62B808ED-03E2-473F-992A-BA4A8F34DEBF}.Ad-Hoc|iPhone.Deploy.0 = Release|Any CPU
		{62B808ED-03E2-473F-992A-BA4A8F34DEBF}.Ad-Hoc|iPhoneSimulator.ActiveCfg = Release|Any CPU
		{62B808ED-03E2-473F-992A-BA4A8F34DEBF}.Ad-Hoc|iPhoneSimulator.Build.0 = Release|Any CPU
		{62B808ED-03E2-473F-992A-BA4A8F34DEBF}.Ad-Hoc|iPhoneSimulator.Deploy.0 = Release|Any CPU
		{62B808ED-03E2-473F-992A-BA4A8F34DEBF}.AppStore|Any CPU.ActiveCfg = Release|Any CPU
		{62B808ED-03E2-473F-992A-BA4A8F34DEBF}.AppStore|Any CPU.Build.0 = Release|Any CPU
		{62B808ED-03E2-473F-992A-BA4A8F34DEBF}.AppStore|Any CPU.Deploy.0 = Release|Any CPU
		{62B808ED-03E2-473F-992A-BA4A8F34DEBF}.AppStore|iPhone.ActiveCfg = Release|Any CPU
		{62B808ED-03E2-473F-992A-BA4A8F34DEBF}.AppStore|iPhone.Build.0 = Release|Any CPU
		{62B808ED-03E2-473F-992A-BA4A8F34DEBF}.AppStore|iPhone.Deploy.0 = Release|Any CPU
		{62B808ED-03E2-473F-992A-BA4A8F34DEBF}.AppStore|iPhoneSimulator.ActiveCfg = Release|Any CPU
		{62B808ED-03E2-473F-992A-BA4A8F34DEBF}.AppStore|iPhoneSimulator.Build.0 = Release|Any CPU
		{62B808ED-03E2-473F-992A-BA4A8F34DEBF}.AppStore|iPhoneSimulator.Deploy.0 = Release|Any CPU
		{62B808ED-03E2-473F-992A-BA4A8F34DEBF}.Debug|Any CPU.ActiveCfg = Debug|Any CPU
		{62B808ED-03E2-473F-992A-BA4A8F34DEBF}.Debug|Any CPU.Build.0 = Debug|Any CPU
		{62B808ED-03E2-473F-992A-BA4A8F34DEBF}.Debug|Any CPU.Deploy.0 = Debug|Any CPU
		{62B808ED-03E2-473F-992A-BA4A8F34DEBF}.Debug|iPhone.ActiveCfg = Debug|Any CPU
		{62B808ED-03E2-473F-992A-BA4A8F34DEBF}.Debug|iPhone.Build.0 = Debug|Any CPU
		{62B808ED-03E2-473F-992A-BA4A8F34DEBF}.Debug|iPhone.Deploy.0 = Debug|Any CPU
		{62B808ED-03E2-473F-992A-BA4A8F34DEBF}.Debug|iPhoneSimulator.ActiveCfg = Debug|Any CPU
		{62B808ED-03E2-473F-992A-BA4A8F34DEBF}.Debug|iPhoneSimulator.Build.0 = Debug|Any CPU
		{62B808ED-03E2-473F-992A-BA4A8F34DEBF}.Debug|iPhoneSimulator.Deploy.0 = Debug|Any CPU
		{62B808ED-03E2-473F-992A-BA4A8F34DEBF}.Release|Any CPU.ActiveCfg = Release|Any CPU
		{62B808ED-03E2-473F-992A-BA4A8F34DEBF}.Release|Any CPU.Build.0 = Release|Any CPU
		{62B808ED-03E2-473F-992A-BA4A8F34DEBF}.Release|Any CPU.Deploy.0 = Release|Any CPU
		{62B808ED-03E2-473F-992A-BA4A8F34DEBF}.Release|iPhone.ActiveCfg = Release|Any CPU
		{62B808ED-03E2-473F-992A-BA4A8F34DEBF}.Release|iPhone.Build.0 = Release|Any CPU
		{62B808ED-03E2-473F-992A-BA4A8F34DEBF}.Release|iPhone.Deploy.0 = Release|Any CPU
		{62B808ED-03E2-473F-992A-BA4A8F34DEBF}.Release|iPhoneSimulator.ActiveCfg = Release|Any CPU
		{62B808ED-03E2-473F-992A-BA4A8F34DEBF}.Release|iPhoneSimulator.Build.0 = Release|Any CPU
		{62B808ED-03E2-473F-992A-BA4A8F34DEBF}.Release|iPhoneSimulator.Deploy.0 = Release|Any CPU
	EndGlobalSection
	GlobalSection(SolutionProperties) = preSolution
		HideSolutionNode = FALSE
	EndGlobalSection
	GlobalSection(ExtensibilityGlobals) = postSolution
		SolutionGuid = {89B6AEEF-76FD-46A1-8255-BB969B91E331}
	EndGlobalSection
EndGlobal
